// !$*UTF8*$!
{
	archiveVersion = 1;
	classes = {
	};
	objectVersion = 50;
	objects = {

/* Begin PBXBuildFile section */
		1BE004EE26AA1CCE003F5F54 /* TicTacToe.framework in Frameworks */ = {isa = PBXBuildFile; fileRef = 1BE004E426AA1CCE003F5F54 /* TicTacToe.framework */; };
		1BE004F326AA1CCE003F5F54 /* TicTacToeGridTests.swift in Sources */ = {isa = PBXBuildFile; fileRef = 1BE004F226AA1CCE003F5F54 /* TicTacToeGridTests.swift */; };
		1BE004FF26AA472D003F5F54 /* TicTacToeGrid.swift in Sources */ = {isa = PBXBuildFile; fileRef = 1BE004FE26AA472D003F5F54 /* TicTacToeGrid.swift */; };
		1BE0050126AA4740003F5F54 /* Coordinates.swift in Sources */ = {isa = PBXBuildFile; fileRef = 1BE0050026AA4740003F5F54 /* Coordinates.swift */; };
		1BE0050326AA474C003F5F54 /* Player.swift in Sources */ = {isa = PBXBuildFile; fileRef = 1BE0050226AA474C003F5F54 /* Player.swift */; };
		1BE0050526AB36D9003F5F54 /* TicTacToeGameTests.swift in Sources */ = {isa = PBXBuildFile; fileRef = 1BE0050426AB36D9003F5F54 /* TicTacToeGameTests.swift */; };
		1BE0050726AC5F05003F5F54 /* TicTacToeGame.swift in Sources */ = {isa = PBXBuildFile; fileRef = 1BE0050626AC5F05003F5F54 /* TicTacToeGame.swift */; };
		1BE0050926AC5F1B003F5F54 /* TicTacToeGameState.swift in Sources */ = {isa = PBXBuildFile; fileRef = 1BE0050826AC5F1B003F5F54 /* TicTacToeGameState.swift */; };
		1BE0051826AC9296003F5F54 /* TicTacToe_iOS.framework in Frameworks */ = {isa = PBXBuildFile; fileRef = 1BE0050F26AC9296003F5F54 /* TicTacToe_iOS.framework */; };
/* End PBXBuildFile section */

/* Begin PBXContainerItemProxy section */
		1BE004EF26AA1CCE003F5F54 /* PBXContainerItemProxy */ = {
			isa = PBXContainerItemProxy;
			containerPortal = 1BE004DB26AA1CCE003F5F54 /* Project object */;
			proxyType = 1;
			remoteGlobalIDString = 1BE004E326AA1CCE003F5F54;
			remoteInfo = TicTacToe;
		};
		1BE0051926AC9296003F5F54 /* PBXContainerItemProxy */ = {
			isa = PBXContainerItemProxy;
			containerPortal = 1BE004DB26AA1CCE003F5F54 /* Project object */;
			proxyType = 1;
			remoteGlobalIDString = 1BE0050E26AC9296003F5F54;
			remoteInfo = "TicTacToe-iOS";
		};
/* End PBXContainerItemProxy section */

/* Begin PBXFileReference section */
		1BE004E426AA1CCE003F5F54 /* TicTacToe.framework */ = {isa = PBXFileReference; explicitFileType = wrapper.framework; includeInIndex = 0; path = TicTacToe.framework; sourceTree = BUILT_PRODUCTS_DIR; };
		1BE004E826AA1CCE003F5F54 /* Info.plist */ = {isa = PBXFileReference; lastKnownFileType = text.plist.xml; path = Info.plist; sourceTree = "<group>"; };
		1BE004ED26AA1CCE003F5F54 /* TicTacToeTests.xctest */ = {isa = PBXFileReference; explicitFileType = wrapper.cfbundle; includeInIndex = 0; path = TicTacToeTests.xctest; sourceTree = BUILT_PRODUCTS_DIR; };
		1BE004F226AA1CCE003F5F54 /* TicTacToeGridTests.swift */ = {isa = PBXFileReference; lastKnownFileType = sourcecode.swift; path = TicTacToeGridTests.swift; sourceTree = "<group>"; };
		1BE004F426AA1CCE003F5F54 /* Info.plist */ = {isa = PBXFileReference; lastKnownFileType = text.plist.xml; path = Info.plist; sourceTree = "<group>"; };
		1BE004FE26AA472D003F5F54 /* TicTacToeGrid.swift */ = {isa = PBXFileReference; lastKnownFileType = sourcecode.swift; path = TicTacToeGrid.swift; sourceTree = "<group>"; };
		1BE0050026AA4740003F5F54 /* Coordinates.swift */ = {isa = PBXFileReference; lastKnownFileType = sourcecode.swift; path = Coordinates.swift; sourceTree = "<group>"; };
		1BE0050226AA474C003F5F54 /* Player.swift */ = {isa = PBXFileReference; lastKnownFileType = sourcecode.swift; path = Player.swift; sourceTree = "<group>"; };
		1BE0050426AB36D9003F5F54 /* TicTacToeGameTests.swift */ = {isa = PBXFileReference; lastKnownFileType = sourcecode.swift; path = TicTacToeGameTests.swift; sourceTree = "<group>"; };
		1BE0050626AC5F05003F5F54 /* TicTacToeGame.swift */ = {isa = PBXFileReference; lastKnownFileType = sourcecode.swift; path = TicTacToeGame.swift; sourceTree = "<group>"; };
		1BE0050826AC5F1B003F5F54 /* TicTacToeGameState.swift */ = {isa = PBXFileReference; lastKnownFileType = sourcecode.swift; path = TicTacToeGameState.swift; sourceTree = "<group>"; };
		1BE0050F26AC9296003F5F54 /* TicTacToe_iOS.framework */ = {isa = PBXFileReference; explicitFileType = wrapper.framework; includeInIndex = 0; path = TicTacToe_iOS.framework; sourceTree = BUILT_PRODUCTS_DIR; };
		1BE0051226AC9296003F5F54 /* Info.plist */ = {isa = PBXFileReference; lastKnownFileType = text.plist.xml; path = Info.plist; sourceTree = "<group>"; };
		1BE0051726AC9296003F5F54 /* TicTacToe-iOSTests.xctest */ = {isa = PBXFileReference; explicitFileType = wrapper.cfbundle; includeInIndex = 0; path = "TicTacToe-iOSTests.xctest"; sourceTree = BUILT_PRODUCTS_DIR; };
		1BE0051E26AC9296003F5F54 /* Info.plist */ = {isa = PBXFileReference; lastKnownFileType = text.plist.xml; path = Info.plist; sourceTree = "<group>"; };
/* End PBXFileReference section */

/* Begin PBXFrameworksBuildPhase section */
		1BE004E126AA1CCE003F5F54 /* Frameworks */ = {
			isa = PBXFrameworksBuildPhase;
			buildActionMask = 2147483647;
			files = (
			);
			runOnlyForDeploymentPostprocessing = 0;
		};
		1BE004EA26AA1CCE003F5F54 /* Frameworks */ = {
			isa = PBXFrameworksBuildPhase;
			buildActionMask = 2147483647;
			files = (
				1BE004EE26AA1CCE003F5F54 /* TicTacToe.framework in Frameworks */,
			);
			runOnlyForDeploymentPostprocessing = 0;
		};
		1BE0050C26AC9296003F5F54 /* Frameworks */ = {
			isa = PBXFrameworksBuildPhase;
			buildActionMask = 2147483647;
			files = (
			);
			runOnlyForDeploymentPostprocessing = 0;
		};
		1BE0051426AC9296003F5F54 /* Frameworks */ = {
			isa = PBXFrameworksBuildPhase;
			buildActionMask = 2147483647;
			files = (
				1BE0051826AC9296003F5F54 /* TicTacToe_iOS.framework in Frameworks */,
			);
			runOnlyForDeploymentPostprocessing = 0;
		};
/* End PBXFrameworksBuildPhase section */

/* Begin PBXGroup section */
		1BE004DA26AA1CCE003F5F54 = {
			isa = PBXGroup;
			children = (
				1BE004E626AA1CCE003F5F54 /* TicTacToe */,
				1BE004F126AA1CCE003F5F54 /* TicTacToeTests */,
				1BE0051026AC9296003F5F54 /* TicTacToe-iOS */,
				1BE0051B26AC9296003F5F54 /* TicTacToe-iOSTests */,
				1BE004E526AA1CCE003F5F54 /* Products */,
			);
			sourceTree = "<group>";
		};
		1BE004E526AA1CCE003F5F54 /* Products */ = {
			isa = PBXGroup;
			children = (
				1BE004E426AA1CCE003F5F54 /* TicTacToe.framework */,
				1BE004ED26AA1CCE003F5F54 /* TicTacToeTests.xctest */,
				1BE0050F26AC9296003F5F54 /* TicTacToe_iOS.framework */,
				1BE0051726AC9296003F5F54 /* TicTacToe-iOSTests.xctest */,
			);
			name = Products;
			sourceTree = "<group>";
		};
		1BE004E626AA1CCE003F5F54 /* TicTacToe */ = {
			isa = PBXGroup;
			children = (
				1BE004E826AA1CCE003F5F54 /* Info.plist */,
				1BE004FE26AA472D003F5F54 /* TicTacToeGrid.swift */,
				1BE0050026AA4740003F5F54 /* Coordinates.swift */,
				1BE0050626AC5F05003F5F54 /* TicTacToeGame.swift */,
				1BE0050826AC5F1B003F5F54 /* TicTacToeGameState.swift */,
				1BE0050226AA474C003F5F54 /* Player.swift */,
			);
			path = TicTacToe;
			sourceTree = "<group>";
		};
		1BE004F126AA1CCE003F5F54 /* TicTacToeTests */ = {
			isa = PBXGroup;
			children = (
				1BE004F226AA1CCE003F5F54 /* TicTacToeGridTests.swift */,
				1BE0050426AB36D9003F5F54 /* TicTacToeGameTests.swift */,
				1BE004F426AA1CCE003F5F54 /* Info.plist */,
			);
			path = TicTacToeTests;
			sourceTree = "<group>";
		};
		1BE0051026AC9296003F5F54 /* TicTacToe-iOS */ = {
			isa = PBXGroup;
			children = (
				1BE0051226AC9296003F5F54 /* Info.plist */,
			);
			path = "TicTacToe-iOS";
			sourceTree = "<group>";
		};
		1BE0051B26AC9296003F5F54 /* TicTacToe-iOSTests */ = {
			isa = PBXGroup;
			children = (
				1BE0051E26AC9296003F5F54 /* Info.plist */,
			);
			path = "TicTacToe-iOSTests";
			sourceTree = "<group>";
		};
/* End PBXGroup section */

/* Begin PBXHeadersBuildPhase section */
		1BE004DF26AA1CCE003F5F54 /* Headers */ = {
			isa = PBXHeadersBuildPhase;
			buildActionMask = 2147483647;
			files = (
			);
			runOnlyForDeploymentPostprocessing = 0;
		};
		1BE0050A26AC9296003F5F54 /* Headers */ = {
			isa = PBXHeadersBuildPhase;
			buildActionMask = 2147483647;
			files = (
			);
			runOnlyForDeploymentPostprocessing = 0;
		};
/* End PBXHeadersBuildPhase section */

/* Begin PBXNativeTarget section */
		1BE004E326AA1CCE003F5F54 /* TicTacToe */ = {
			isa = PBXNativeTarget;
			buildConfigurationList = 1BE004F826AA1CCE003F5F54 /* Build configuration list for PBXNativeTarget "TicTacToe" */;
			buildPhases = (
				1BE004DF26AA1CCE003F5F54 /* Headers */,
				1BE004E026AA1CCE003F5F54 /* Sources */,
				1BE004E126AA1CCE003F5F54 /* Frameworks */,
				1BE004E226AA1CCE003F5F54 /* Resources */,
			);
			buildRules = (
			);
			dependencies = (
			);
			name = TicTacToe;
			productName = TicTacToe;
			productReference = 1BE004E426AA1CCE003F5F54 /* TicTacToe.framework */;
			productType = "com.apple.product-type.framework";
		};
		1BE004EC26AA1CCE003F5F54 /* TicTacToeTests */ = {
			isa = PBXNativeTarget;
			buildConfigurationList = 1BE004FB26AA1CCE003F5F54 /* Build configuration list for PBXNativeTarget "TicTacToeTests" */;
			buildPhases = (
				1BE004E926AA1CCE003F5F54 /* Sources */,
				1BE004EA26AA1CCE003F5F54 /* Frameworks */,
				1BE004EB26AA1CCE003F5F54 /* Resources */,
			);
			buildRules = (
			);
			dependencies = (
				1BE004F026AA1CCE003F5F54 /* PBXTargetDependency */,
			);
			name = TicTacToeTests;
			productName = TicTacToeTests;
			productReference = 1BE004ED26AA1CCE003F5F54 /* TicTacToeTests.xctest */;
			productType = "com.apple.product-type.bundle.unit-test";
		};
		1BE0050E26AC9296003F5F54 /* TicTacToe-iOS */ = {
			isa = PBXNativeTarget;
			buildConfigurationList = 1BE0052026AC9296003F5F54 /* Build configuration list for PBXNativeTarget "TicTacToe-iOS" */;
			buildPhases = (
				1BE0050A26AC9296003F5F54 /* Headers */,
				1BE0050B26AC9296003F5F54 /* Sources */,
				1BE0050C26AC9296003F5F54 /* Frameworks */,
				1BE0050D26AC9296003F5F54 /* Resources */,
			);
			buildRules = (
			);
			dependencies = (
			);
			name = "TicTacToe-iOS";
			productName = "TicTacToe-iOS";
			productReference = 1BE0050F26AC9296003F5F54 /* TicTacToe_iOS.framework */;
			productType = "com.apple.product-type.framework";
		};
		1BE0051626AC9296003F5F54 /* TicTacToe-iOSTests */ = {
			isa = PBXNativeTarget;
			buildConfigurationList = 1BE0052326AC9296003F5F54 /* Build configuration list for PBXNativeTarget "TicTacToe-iOSTests" */;
			buildPhases = (
				1BE0051326AC9296003F5F54 /* Sources */,
				1BE0051426AC9296003F5F54 /* Frameworks */,
				1BE0051526AC9296003F5F54 /* Resources */,
			);
			buildRules = (
			);
			dependencies = (
				1BE0051A26AC9296003F5F54 /* PBXTargetDependency */,
			);
			name = "TicTacToe-iOSTests";
			productName = "TicTacToe-iOSTests";
			productReference = 1BE0051726AC9296003F5F54 /* TicTacToe-iOSTests.xctest */;
			productType = "com.apple.product-type.bundle.unit-test";
		};
/* End PBXNativeTarget section */

/* Begin PBXProject section */
		1BE004DB26AA1CCE003F5F54 /* Project object */ = {
			isa = PBXProject;
			attributes = {
				LastSwiftUpdateCheck = 1250;
				LastUpgradeCheck = 1250;
				TargetAttributes = {
					1BE004E326AA1CCE003F5F54 = {
						CreatedOnToolsVersion = 12.5.1;
						LastSwiftMigration = 1250;
					};
					1BE004EC26AA1CCE003F5F54 = {
						CreatedOnToolsVersion = 12.5.1;
					};
					1BE0050E26AC9296003F5F54 = {
						CreatedOnToolsVersion = 12.5.1;
					};
					1BE0051626AC9296003F5F54 = {
						CreatedOnToolsVersion = 12.5.1;
					};
				};
			};
			buildConfigurationList = 1BE004DE26AA1CCE003F5F54 /* Build configuration list for PBXProject "TicTacToe" */;
			compatibilityVersion = "Xcode 9.3";
			developmentRegion = en;
			hasScannedForEncodings = 0;
			knownRegions = (
				en,
				Base,
			);
			mainGroup = 1BE004DA26AA1CCE003F5F54;
			productRefGroup = 1BE004E526AA1CCE003F5F54 /* Products */;
			projectDirPath = "";
			projectRoot = "";
			targets = (
				1BE004E326AA1CCE003F5F54 /* TicTacToe */,
				1BE004EC26AA1CCE003F5F54 /* TicTacToeTests */,
				1BE0050E26AC9296003F5F54 /* TicTacToe-iOS */,
				1BE0051626AC9296003F5F54 /* TicTacToe-iOSTests */,
			);
		};
/* End PBXProject section */

/* Begin PBXResourcesBuildPhase section */
		1BE004E226AA1CCE003F5F54 /* Resources */ = {
			isa = PBXResourcesBuildPhase;
			buildActionMask = 2147483647;
			files = (
			);
			runOnlyForDeploymentPostprocessing = 0;
		};
		1BE004EB26AA1CCE003F5F54 /* Resources */ = {
			isa = PBXResourcesBuildPhase;
			buildActionMask = 2147483647;
			files = (
			);
			runOnlyForDeploymentPostprocessing = 0;
		};
		1BE0050D26AC9296003F5F54 /* Resources */ = {
			isa = PBXResourcesBuildPhase;
			buildActionMask = 2147483647;
			files = (
			);
			runOnlyForDeploymentPostprocessing = 0;
		};
		1BE0051526AC9296003F5F54 /* Resources */ = {
			isa = PBXResourcesBuildPhase;
			buildActionMask = 2147483647;
			files = (
			);
			runOnlyForDeploymentPostprocessing = 0;
		};
/* End PBXResourcesBuildPhase section */

/* Begin PBXSourcesBuildPhase section */
		1BE004E026AA1CCE003F5F54 /* Sources */ = {
			isa = PBXSourcesBuildPhase;
			buildActionMask = 2147483647;
			files = (
				1BE0050726AC5F05003F5F54 /* TicTacToeGame.swift in Sources */,
				1BE004FF26AA472D003F5F54 /* TicTacToeGrid.swift in Sources */,
				1BE0050926AC5F1B003F5F54 /* TicTacToeGameState.swift in Sources */,
				1BE0050326AA474C003F5F54 /* Player.swift in Sources */,
				1BE0050126AA4740003F5F54 /* Coordinates.swift in Sources */,
			);
			runOnlyForDeploymentPostprocessing = 0;
		};
		1BE004E926AA1CCE003F5F54 /* Sources */ = {
			isa = PBXSourcesBuildPhase;
			buildActionMask = 2147483647;
			files = (
				1BE0050526AB36D9003F5F54 /* TicTacToeGameTests.swift in Sources */,
				1BE004F326AA1CCE003F5F54 /* TicTacToeGridTests.swift in Sources */,
			);
			runOnlyForDeploymentPostprocessing = 0;
		};
		1BE0050B26AC9296003F5F54 /* Sources */ = {
			isa = PBXSourcesBuildPhase;
			buildActionMask = 2147483647;
			files = (
			);
			runOnlyForDeploymentPostprocessing = 0;
		};
		1BE0051326AC9296003F5F54 /* Sources */ = {
			isa = PBXSourcesBuildPhase;
			buildActionMask = 2147483647;
			files = (
			);
			runOnlyForDeploymentPostprocessing = 0;
		};
/* End PBXSourcesBuildPhase section */

/* Begin PBXTargetDependency section */
		1BE004F026AA1CCE003F5F54 /* PBXTargetDependency */ = {
			isa = PBXTargetDependency;
			target = 1BE004E326AA1CCE003F5F54 /* TicTacToe */;
			targetProxy = 1BE004EF26AA1CCE003F5F54 /* PBXContainerItemProxy */;
		};
		1BE0051A26AC9296003F5F54 /* PBXTargetDependency */ = {
			isa = PBXTargetDependency;
			target = 1BE0050E26AC9296003F5F54 /* TicTacToe-iOS */;
			targetProxy = 1BE0051926AC9296003F5F54 /* PBXContainerItemProxy */;
		};
/* End PBXTargetDependency section */

/* Begin XCBuildConfiguration section */
		1BE004F626AA1CCE003F5F54 /* Debug */ = {
			isa = XCBuildConfiguration;
			buildSettings = {
				ALWAYS_SEARCH_USER_PATHS = NO;
				CLANG_ANALYZER_NONNULL = YES;
				CLANG_ANALYZER_NUMBER_OBJECT_CONVERSION = YES_AGGRESSIVE;
				CLANG_CXX_LANGUAGE_STANDARD = "gnu++14";
				CLANG_CXX_LIBRARY = "libc++";
				CLANG_ENABLE_MODULES = YES;
				CLANG_ENABLE_OBJC_ARC = YES;
				CLANG_ENABLE_OBJC_WEAK = YES;
				CLANG_WARN_BLOCK_CAPTURE_AUTORELEASING = YES;
				CLANG_WARN_BOOL_CONVERSION = YES;
				CLANG_WARN_COMMA = YES;
				CLANG_WARN_CONSTANT_CONVERSION = YES;
				CLANG_WARN_DEPRECATED_OBJC_IMPLEMENTATIONS = YES;
				CLANG_WARN_DIRECT_OBJC_ISA_USAGE = YES_ERROR;
				CLANG_WARN_DOCUMENTATION_COMMENTS = YES;
				CLANG_WARN_EMPTY_BODY = YES;
				CLANG_WARN_ENUM_CONVERSION = YES;
				CLANG_WARN_INFINITE_RECURSION = YES;
				CLANG_WARN_INT_CONVERSION = YES;
				CLANG_WARN_NON_LITERAL_NULL_CONVERSION = YES;
				CLANG_WARN_OBJC_IMPLICIT_RETAIN_SELF = YES;
				CLANG_WARN_OBJC_LITERAL_CONVERSION = YES;
				CLANG_WARN_OBJC_ROOT_CLASS = YES_ERROR;
				CLANG_WARN_QUOTED_INCLUDE_IN_FRAMEWORK_HEADER = YES;
				CLANG_WARN_RANGE_LOOP_ANALYSIS = YES;
				CLANG_WARN_STRICT_PROTOTYPES = YES;
				CLANG_WARN_SUSPICIOUS_MOVE = YES;
				CLANG_WARN_UNGUARDED_AVAILABILITY = YES_AGGRESSIVE;
				CLANG_WARN_UNREACHABLE_CODE = YES;
				CLANG_WARN__DUPLICATE_METHOD_MATCH = YES;
				COPY_PHASE_STRIP = NO;
				CURRENT_PROJECT_VERSION = 1;
				DEBUG_INFORMATION_FORMAT = dwarf;
				ENABLE_STRICT_OBJC_MSGSEND = YES;
				ENABLE_TESTABILITY = YES;
				GCC_C_LANGUAGE_STANDARD = gnu11;
				GCC_DYNAMIC_NO_PIC = NO;
				GCC_NO_COMMON_BLOCKS = YES;
				GCC_OPTIMIZATION_LEVEL = 0;
				GCC_PREPROCESSOR_DEFINITIONS = (
					"DEBUG=1",
					"$(inherited)",
				);
				GCC_WARN_64_TO_32_BIT_CONVERSION = YES;
				GCC_WARN_ABOUT_RETURN_TYPE = YES_ERROR;
				GCC_WARN_UNDECLARED_SELECTOR = YES;
				GCC_WARN_UNINITIALIZED_AUTOS = YES_AGGRESSIVE;
				GCC_WARN_UNUSED_FUNCTION = YES;
				GCC_WARN_UNUSED_VARIABLE = YES;
				MACOSX_DEPLOYMENT_TARGET = 11.3;
				MTL_ENABLE_DEBUG_INFO = INCLUDE_SOURCE;
				MTL_FAST_MATH = YES;
				ONLY_ACTIVE_ARCH = YES;
				SDKROOT = macosx;
				SWIFT_ACTIVE_COMPILATION_CONDITIONS = DEBUG;
				SWIFT_OPTIMIZATION_LEVEL = "-Onone";
				VERSIONING_SYSTEM = "apple-generic";
				VERSION_INFO_PREFIX = "";
			};
			name = Debug;
		};
		1BE004F726AA1CCE003F5F54 /* Release */ = {
			isa = XCBuildConfiguration;
			buildSettings = {
				ALWAYS_SEARCH_USER_PATHS = NO;
				CLANG_ANALYZER_NONNULL = YES;
				CLANG_ANALYZER_NUMBER_OBJECT_CONVERSION = YES_AGGRESSIVE;
				CLANG_CXX_LANGUAGE_STANDARD = "gnu++14";
				CLANG_CXX_LIBRARY = "libc++";
				CLANG_ENABLE_MODULES = YES;
				CLANG_ENABLE_OBJC_ARC = YES;
				CLANG_ENABLE_OBJC_WEAK = YES;
				CLANG_WARN_BLOCK_CAPTURE_AUTORELEASING = YES;
				CLANG_WARN_BOOL_CONVERSION = YES;
				CLANG_WARN_COMMA = YES;
				CLANG_WARN_CONSTANT_CONVERSION = YES;
				CLANG_WARN_DEPRECATED_OBJC_IMPLEMENTATIONS = YES;
				CLANG_WARN_DIRECT_OBJC_ISA_USAGE = YES_ERROR;
				CLANG_WARN_DOCUMENTATION_COMMENTS = YES;
				CLANG_WARN_EMPTY_BODY = YES;
				CLANG_WARN_ENUM_CONVERSION = YES;
				CLANG_WARN_INFINITE_RECURSION = YES;
				CLANG_WARN_INT_CONVERSION = YES;
				CLANG_WARN_NON_LITERAL_NULL_CONVERSION = YES;
				CLANG_WARN_OBJC_IMPLICIT_RETAIN_SELF = YES;
				CLANG_WARN_OBJC_LITERAL_CONVERSION = YES;
				CLANG_WARN_OBJC_ROOT_CLASS = YES_ERROR;
				CLANG_WARN_QUOTED_INCLUDE_IN_FRAMEWORK_HEADER = YES;
				CLANG_WARN_RANGE_LOOP_ANALYSIS = YES;
				CLANG_WARN_STRICT_PROTOTYPES = YES;
				CLANG_WARN_SUSPICIOUS_MOVE = YES;
				CLANG_WARN_UNGUARDED_AVAILABILITY = YES_AGGRESSIVE;
				CLANG_WARN_UNREACHABLE_CODE = YES;
				CLANG_WARN__DUPLICATE_METHOD_MATCH = YES;
				COPY_PHASE_STRIP = NO;
				CURRENT_PROJECT_VERSION = 1;
				DEBUG_INFORMATION_FORMAT = "dwarf-with-dsym";
				ENABLE_NS_ASSERTIONS = NO;
				ENABLE_STRICT_OBJC_MSGSEND = YES;
				GCC_C_LANGUAGE_STANDARD = gnu11;
				GCC_NO_COMMON_BLOCKS = YES;
				GCC_WARN_64_TO_32_BIT_CONVERSION = YES;
				GCC_WARN_ABOUT_RETURN_TYPE = YES_ERROR;
				GCC_WARN_UNDECLARED_SELECTOR = YES;
				GCC_WARN_UNINITIALIZED_AUTOS = YES_AGGRESSIVE;
				GCC_WARN_UNUSED_FUNCTION = YES;
				GCC_WARN_UNUSED_VARIABLE = YES;
				MACOSX_DEPLOYMENT_TARGET = 11.3;
				MTL_ENABLE_DEBUG_INFO = NO;
				MTL_FAST_MATH = YES;
				SDKROOT = macosx;
				SWIFT_COMPILATION_MODE = wholemodule;
				SWIFT_OPTIMIZATION_LEVEL = "-O";
				VERSIONING_SYSTEM = "apple-generic";
				VERSION_INFO_PREFIX = "";
			};
			name = Release;
		};
		1BE004F926AA1CCE003F5F54 /* Debug */ = {
			isa = XCBuildConfiguration;
			buildSettings = {
				CLANG_ENABLE_MODULES = YES;
				CODE_SIGN_STYLE = Automatic;
				COMBINE_HIDPI_IMAGES = YES;
				DEFINES_MODULE = YES;
				DEVELOPMENT_TEAM = HHWJTGZ862;
				DYLIB_COMPATIBILITY_VERSION = 1;
				DYLIB_CURRENT_VERSION = 1;
				DYLIB_INSTALL_NAME_BASE = "@rpath";
				INFOPLIST_FILE = TicTacToe/Info.plist;
				INSTALL_PATH = "$(LOCAL_LIBRARY_DIR)/Frameworks";
				LD_RUNPATH_SEARCH_PATHS = (
					"$(inherited)",
					"@executable_path/../Frameworks",
					"@loader_path/Frameworks",
				);
				PRODUCT_BUNDLE_IDENTIFIER = com.Zanaeira.TicTacToe;
				PRODUCT_NAME = "$(TARGET_NAME:c99extidentifier)";
				SKIP_INSTALL = YES;
				SWIFT_OPTIMIZATION_LEVEL = "-Onone";
				SWIFT_VERSION = 5.0;
			};
			name = Debug;
		};
		1BE004FA26AA1CCE003F5F54 /* Release */ = {
			isa = XCBuildConfiguration;
			buildSettings = {
				CLANG_ENABLE_MODULES = YES;
				CODE_SIGN_STYLE = Automatic;
				COMBINE_HIDPI_IMAGES = YES;
				DEFINES_MODULE = YES;
				DEVELOPMENT_TEAM = HHWJTGZ862;
				DYLIB_COMPATIBILITY_VERSION = 1;
				DYLIB_CURRENT_VERSION = 1;
				DYLIB_INSTALL_NAME_BASE = "@rpath";
				INFOPLIST_FILE = TicTacToe/Info.plist;
				INSTALL_PATH = "$(LOCAL_LIBRARY_DIR)/Frameworks";
				LD_RUNPATH_SEARCH_PATHS = (
					"$(inherited)",
					"@executable_path/../Frameworks",
					"@loader_path/Frameworks",
				);
				PRODUCT_BUNDLE_IDENTIFIER = com.Zanaeira.TicTacToe;
				PRODUCT_NAME = "$(TARGET_NAME:c99extidentifier)";
				SKIP_INSTALL = YES;
				SWIFT_VERSION = 5.0;
			};
			name = Release;
		};
		1BE004FC26AA1CCE003F5F54 /* Debug */ = {
			isa = XCBuildConfiguration;
			buildSettings = {
				ALWAYS_EMBED_SWIFT_STANDARD_LIBRARIES = YES;
				CODE_SIGN_STYLE = Automatic;
				COMBINE_HIDPI_IMAGES = YES;
				DEVELOPMENT_TEAM = HHWJTGZ862;
				INFOPLIST_FILE = TicTacToeTests/Info.plist;
				LD_RUNPATH_SEARCH_PATHS = (
					"$(inherited)",
					"@executable_path/../Frameworks",
					"@loader_path/../Frameworks",
				);
				PRODUCT_BUNDLE_IDENTIFIER = com.Zanaeira.TicTacToeTests;
				PRODUCT_NAME = "$(TARGET_NAME)";
				SWIFT_VERSION = 5.0;
			};
			name = Debug;
		};
		1BE004FD26AA1CCE003F5F54 /* Release */ = {
			isa = XCBuildConfiguration;
			buildSettings = {
				ALWAYS_EMBED_SWIFT_STANDARD_LIBRARIES = YES;
				CODE_SIGN_STYLE = Automatic;
				COMBINE_HIDPI_IMAGES = YES;
				DEVELOPMENT_TEAM = HHWJTGZ862;
				INFOPLIST_FILE = TicTacToeTests/Info.plist;
				LD_RUNPATH_SEARCH_PATHS = (
					"$(inherited)",
					"@executable_path/../Frameworks",
					"@loader_path/../Frameworks",
				);
				PRODUCT_BUNDLE_IDENTIFIER = com.Zanaeira.TicTacToeTests;
				PRODUCT_NAME = "$(TARGET_NAME)";
				SWIFT_VERSION = 5.0;
			};
			name = Release;
		};
		1BE0052126AC9296003F5F54 /* Debug */ = {
			isa = XCBuildConfiguration;
			buildSettings = {
				CODE_SIGN_STYLE = Automatic;
				DEFINES_MODULE = YES;
				DEVELOPMENT_TEAM = HHWJTGZ862;
				DYLIB_COMPATIBILITY_VERSION = 1;
				DYLIB_CURRENT_VERSION = 1;
				DYLIB_INSTALL_NAME_BASE = "@rpath";
				INFOPLIST_FILE = "TicTacToe-iOS/Info.plist";
				INSTALL_PATH = "$(LOCAL_LIBRARY_DIR)/Frameworks";
				IPHONEOS_DEPLOYMENT_TARGET = 14.5;
				LD_RUNPATH_SEARCH_PATHS = (
					"$(inherited)",
					"@executable_path/Frameworks",
					"@loader_path/Frameworks",
				);
				PRODUCT_BUNDLE_IDENTIFIER = "com.Zanaeira.TicTacToe-iOS";
				PRODUCT_NAME = "$(TARGET_NAME:c99extidentifier)";
				SDKROOT = iphoneos;
				SKIP_INSTALL = YES;
				SWIFT_VERSION = 5.0;
				TARGETED_DEVICE_FAMILY = "1,2";
			};
			name = Debug;
		};
		1BE0052226AC9296003F5F54 /* Release */ = {
			isa = XCBuildConfiguration;
			buildSettings = {
				CODE_SIGN_STYLE = Automatic;
				DEFINES_MODULE = YES;
				DEVELOPMENT_TEAM = HHWJTGZ862;
				DYLIB_COMPATIBILITY_VERSION = 1;
				DYLIB_CURRENT_VERSION = 1;
				DYLIB_INSTALL_NAME_BASE = "@rpath";
				INFOPLIST_FILE = "TicTacToe-iOS/Info.plist";
				INSTALL_PATH = "$(LOCAL_LIBRARY_DIR)/Frameworks";
				IPHONEOS_DEPLOYMENT_TARGET = 14.5;
				LD_RUNPATH_SEARCH_PATHS = (
					"$(inherited)",
					"@executable_path/Frameworks",
					"@loader_path/Frameworks",
				);
				PRODUCT_BUNDLE_IDENTIFIER = "com.Zanaeira.TicTacToe-iOS";
				PRODUCT_NAME = "$(TARGET_NAME:c99extidentifier)";
				SDKROOT = iphoneos;
				SKIP_INSTALL = YES;
				SWIFT_VERSION = 5.0;
				TARGETED_DEVICE_FAMILY = "1,2";
				VALIDATE_PRODUCT = YES;
			};
			name = Release;
		};
		1BE0052426AC9296003F5F54 /* Debug */ = {
			isa = XCBuildConfiguration;
			buildSettings = {
				CODE_SIGN_STYLE = Automatic;
				DEVELOPMENT_TEAM = HHWJTGZ862;
				INFOPLIST_FILE = "TicTacToe-iOSTests/Info.plist";
				IPHONEOS_DEPLOYMENT_TARGET = 14.5;
				LD_RUNPATH_SEARCH_PATHS = (
					"$(inherited)",
					"@executable_path/Frameworks",
					"@loader_path/Frameworks",
				);
				PRODUCT_BUNDLE_IDENTIFIER = "com.Zanaeira.TicTacToe-iOSTests";
				PRODUCT_NAME = "$(TARGET_NAME)";
				SDKROOT = iphoneos;
				SWIFT_VERSION = 5.0;
				TARGETED_DEVICE_FAMILY = "1,2";
			};
			name = Debug;
		};
		1BE0052526AC9296003F5F54 /* Release */ = {
			isa = XCBuildConfiguration;
			buildSettings = {
				CODE_SIGN_STYLE = Automatic;
				DEVELOPMENT_TEAM = HHWJTGZ862;
				INFOPLIST_FILE = "TicTacToe-iOSTests/Info.plist";
				IPHONEOS_DEPLOYMENT_TARGET = 14.5;
				LD_RUNPATH_SEARCH_PATHS = (
					"$(inherited)",
					"@executable_path/Frameworks",
					"@loader_path/Frameworks",
				);
				PRODUCT_BUNDLE_IDENTIFIER = "com.Zanaeira.TicTacToe-iOSTests";
				PRODUCT_NAME = "$(TARGET_NAME)";
				SDKROOT = iphoneos;
				SWIFT_VERSION = 5.0;
				TARGETED_DEVICE_FAMILY = "1,2";
				VALIDATE_PRODUCT = YES;
			};
			name = Release;
		};
/* End XCBuildConfiguration section */

/* Begin XCConfigurationList section */
		1BE004DE26AA1CCE003F5F54 /* Build configuration list for PBXProject "TicTacToe" */ = {
			isa = XCConfigurationList;
			buildConfigurations = (
				1BE004F626AA1CCE003F5F54 /* Debug */,
				1BE004F726AA1CCE003F5F54 /* Release */,
			);
			defaultConfigurationIsVisible = 0;
			defaultConfigurationName = Release;
		};
		1BE004F826AA1CCE003F5F54 /* Build configuration list for PBXNativeTarget "TicTacToe" */ = {
			isa = XCConfigurationList;
			buildConfigurations = (
				1BE004F926AA1CCE003F5F54 /* Debug */,
				1BE004FA26AA1CCE003F5F54 /* Release */,
			);
			defaultConfigurationIsVisible = 0;
			defaultConfigurationName = Release;
		};
		1BE004FB26AA1CCE003F5F54 /* Build configuration list for PBXNativeTarget "TicTacToeTests" */ = {
			isa = XCConfigurationList;
			buildConfigurations = (
				1BE004FC26AA1CCE003F5F54 /* Debug */,
				1BE004FD26AA1CCE003F5F54 /* Release */,
			);
			defaultConfigurationIsVisible = 0;
			defaultConfigurationName = Release;
		};
		1BE0052026AC9296003F5F54 /* Build configuration list for PBXNativeTarget "TicTacToe-iOS" */ = {
			isa = XCConfigurationList;
			buildConfigurations = (
				1BE0052126AC9296003F5F54 /* Debug */,
				1BE0052226AC9296003F5F54 /* Release */,
			);
			defaultConfigurationIsVisible = 0;
			defaultConfigurationName = Release;
		};
		1BE0052326AC9296003F5F54 /* Build configuration list for PBXNativeTarget "TicTacToe-iOSTests" */ = {
			isa = XCConfigurationList;
			buildConfigurations = (
				1BE0052426AC9296003F5F54 /* Debug */,
				1BE0052526AC9296003F5F54 /* Release */,
			);
			defaultConfigurationIsVisible = 0;
			defaultConfigurationName = Release;
		};
/* End XCConfigurationList section */
	};
	rootObject = 1BE004DB26AA1CCE003F5F54 /* Project object */;
}
